
Microsoft Visual Studio Solution File, Format Version 12.00
# Visual Studio Version 16
VisualStudioVersion = 16.0.30503.244
MinimumVisualStudioVersion = 10.0.40219.1
Project("{9A19103F-16F7-4668-BE54-9A1E7A4F7556}") = "Line", "Line\Line.csproj", "{2794E5B9-9130-4C3B-89A2-05658C7EF28E}"
EndProject
Project("{2150E333-8FDC-42A3-9474-1A3956D46DE8}") = "Solution Items", "Solution Items", "{307CFA76-CC82-40ED-BE26-36224CB2EB67}"
	ProjectSection(SolutionItems) = preProject
		ComparisonClass.cs = ComparisonClass.cs
	EndProjectSection
EndProject
Global
	GlobalSection(SolutionConfigurationPlatforms) = preSolution
		Debug|Any CPU = Debug|Any CPU
		Release|Any CPU = Release|Any CPU
	EndGlobalSection
	GlobalSection(ProjectConfigurationPlatforms) = postSolution
		{2794E5B9-9130-4C3B-89A2-05658C7EF28E}.Debug|Any CPU.ActiveCfg = Debug|Any CPU
		{2794E5B9-9130-4C3B-89A2-05658C7EF28E}.Debug|Any CPU.Build.0 = Debug|Any CPU
		{2794E5B9-9130-4C3B-89A2-05658C7EF28E}.Release|Any CPU.ActiveCfg = Release|Any CPU
		{2794E5B9-9130-4C3B-89A2-05658C7EF28E}.Release|Any CPU.Build.0 = Release|Any CPU
	EndGlobalSection
	GlobalSection(SolutionProperties) = preSolution
		HideSolutionNode = FALSE
	EndGlobalSection
	GlobalSection(ExtensibilityGlobals) = postSolution
		SolutionGuid = {4586AABC-22A5-4319-AC42-686210E73DCC}
	EndGlobalSection
EndGlobal
